// !$*UTF8*$!
{
	archiveVersion = 1;
	classes = {
	};
	objectVersion = 46;
	objects = {

/* Begin PBXBuildFile section */
		1A51A16A1AD594D900709D4E /* main.m in Sources */ = {isa = PBXBuildFile; fileRef = 1A51A1691AD594D900709D4E /* main.m */; };
		1A51A16D1AD594D900709D4E /* AppDelegate.m in Sources */ = {isa = PBXBuildFile; fileRef = 1A51A16C1AD594D900709D4E /* AppDelegate.m */; };
		1A51A1701AD594D900709D4E /* ViewController.m in Sources */ = {isa = PBXBuildFile; fileRef = 1A51A16F1AD594D900709D4E /* ViewController.m */; };
		1A51A1731AD594D900709D4E /* Main.storyboard in Resources */ = {isa = PBXBuildFile; fileRef = 1A51A1711AD594D900709D4E /* Main.storyboard */; };
		1A51A1751AD594D900709D4E /* Images.xcassets in Resources */ = {isa = PBXBuildFile; fileRef = 1A51A1741AD594D900709D4E /* Images.xcassets */; };
		1A51A1781AD594D900709D4E /* LaunchScreen.xib in Resources */ = {isa = PBXBuildFile; fileRef = 1A51A1761AD594D900709D4E /* LaunchScreen.xib */; };
		1A51A1841AD594D900709D4E /* STMTests.m in Sources */ = {isa = PBXBuildFile; fileRef = 1A51A1831AD594D900709D4E /* STMTests.m */; };
		E64FA6601AE5D32700DCE7DC /* pig_dialogue.png in Resources */ = {isa = PBXBuildFile; fileRef = E64FA65F1AE5D32700DCE7DC /* pig_dialogue.png */; };
		E64FA6641AE6D93600DCE7DC /* MenuViewController.m in Sources */ = {isa = PBXBuildFile; fileRef = E64FA6621AE6D93600DCE7DC /* MenuViewController.m */; };
		E64FA6651AE6D93600DCE7DC /* MenuViewController.xib in Resources */ = {isa = PBXBuildFile; fileRef = E64FA6631AE6D93600DCE7DC /* MenuViewController.xib */; };
		E64FA6671AE7159900DCE7DC /* settings_icon1.png in Resources */ = {isa = PBXBuildFile; fileRef = E64FA6661AE7159900DCE7DC /* settings_icon1.png */; };
		E6942DD81ADB4C2F00EA68B2 /* pig.png in Resources */ = {isa = PBXBuildFile; fileRef = E6942DD71ADB4C2F00EA68B2 /* pig.png */; };
		E6942DDD1ADB564C00EA68B2 /* pig_dialogue1.png in Resources */ = {isa = PBXBuildFile; fileRef = E6942DDB1ADB564C00EA68B2 /* pig_dialogue1.png */; };
		E6942DDE1ADB564C00EA68B2 /* pig_dialogue2.png in Resources */ = {isa = PBXBuildFile; fileRef = E6942DDC1ADB564C00EA68B2 /* pig_dialogue2.png */; };
/* End PBXBuildFile section */

/* Begin PBXContainerItemProxy section */
		1A51A17E1AD594D900709D4E /* PBXContainerItemProxy */ = {
			isa = PBXContainerItemProxy;
			containerPortal = 1A51A15C1AD594D900709D4E /* Project object */;
			proxyType = 1;
			remoteGlobalIDString = 1A51A1631AD594D900709D4E;
			remoteInfo = STM;
		};
/* End PBXContainerItemProxy section */

/* Begin PBXFileReference section */
		1A51A1641AD594D900709D4E /* STM.app */ = {isa = PBXFileReference; explicitFileType = wrapper.application; includeInIndex = 0; path = STM.app; sourceTree = BUILT_PRODUCTS_DIR; };
		1A51A1681AD594D900709D4E /* Info.plist */ = {isa = PBXFileReference; lastKnownFileType = text.plist.xml; path = Info.plist; sourceTree = "<group>"; };
		1A51A1691AD594D900709D4E /* main.m */ = {isa = PBXFileReference; lastKnownFileType = sourcecode.c.objc; path = main.m; sourceTree = "<group>"; };
		1A51A16B1AD594D900709D4E /* AppDelegate.h */ = {isa = PBXFileReference; lastKnownFileType = sourcecode.c.h; path = AppDelegate.h; sourceTree = "<group>"; };
		1A51A16C1AD594D900709D4E /* AppDelegate.m */ = {isa = PBXFileReference; lastKnownFileType = sourcecode.c.objc; path = AppDelegate.m; sourceTree = "<group>"; };
		1A51A16E1AD594D900709D4E /* ViewController.h */ = {isa = PBXFileReference; lastKnownFileType = sourcecode.c.h; path = ViewController.h; sourceTree = "<group>"; };
		1A51A16F1AD594D900709D4E /* ViewController.m */ = {isa = PBXFileReference; lastKnownFileType = sourcecode.c.objc; path = ViewController.m; sourceTree = "<group>"; };
		1A51A1721AD594D900709D4E /* Base */ = {isa = PBXFileReference; lastKnownFileType = file.storyboard; name = Base; path = Base.lproj/Main.storyboard; sourceTree = "<group>"; };
		1A51A1741AD594D900709D4E /* Images.xcassets */ = {isa = PBXFileReference; lastKnownFileType = folder.assetcatalog; path = Images.xcassets; sourceTree = "<group>"; };
		1A51A1771AD594D900709D4E /* Base */ = {isa = PBXFileReference; lastKnownFileType = file.xib; name = Base; path = Base.lproj/LaunchScreen.xib; sourceTree = "<group>"; };
		1A51A17D1AD594D900709D4E /* STMTests.xctest */ = {isa = PBXFileReference; explicitFileType = wrapper.cfbundle; includeInIndex = 0; path = STMTests.xctest; sourceTree = BUILT_PRODUCTS_DIR; };
		1A51A1821AD594D900709D4E /* Info.plist */ = {isa = PBXFileReference; lastKnownFileType = text.plist.xml; path = Info.plist; sourceTree = "<group>"; };
		1A51A1831AD594D900709D4E /* STMTests.m */ = {isa = PBXFileReference; lastKnownFileType = sourcecode.c.objc; path = STMTests.m; sourceTree = "<group>"; };
		E64FA65F1AE5D32700DCE7DC /* pig_dialogue.png */ = {isa = PBXFileReference; lastKnownFileType = image.png; path = pig_dialogue.png; sourceTree = "<group>"; };
		E64FA6611AE6D93600DCE7DC /* MenuViewController.h */ = {isa = PBXFileReference; fileEncoding = 4; lastKnownFileType = sourcecode.c.h; path = MenuViewController.h; sourceTree = "<group>"; };
		E64FA6621AE6D93600DCE7DC /* MenuViewController.m */ = {isa = PBXFileReference; fileEncoding = 4; lastKnownFileType = sourcecode.c.objc; path = MenuViewController.m; sourceTree = "<group>"; };
		E64FA6631AE6D93600DCE7DC /* MenuViewController.xib */ = {isa = PBXFileReference; fileEncoding = 4; lastKnownFileType = file.xib; path = MenuViewController.xib; sourceTree = "<group>"; };
		E64FA6661AE7159900DCE7DC /* settings_icon1.png */ = {isa = PBXFileReference; lastKnownFileType = image.png; path = settings_icon1.png; sourceTree = "<group>"; };
		E6942DD71ADB4C2F00EA68B2 /* pig.png */ = {isa = PBXFileReference; lastKnownFileType = image.png; path = pig.png; sourceTree = "<group>"; };
		E6942DDB1ADB564C00EA68B2 /* pig_dialogue1.png */ = {isa = PBXFileReference; lastKnownFileType = image.png; path = pig_dialogue1.png; sourceTree = "<group>"; };
		E6942DDC1ADB564C00EA68B2 /* pig_dialogue2.png */ = {isa = PBXFileReference; lastKnownFileType = image.png; path = pig_dialogue2.png; sourceTree = "<group>"; };
/* End PBXFileReference section */

/* Begin PBXFrameworksBuildPhase section */
		1A51A1611AD594D900709D4E /* Frameworks */ = {
			isa = PBXFrameworksBuildPhase;
			buildActionMask = 2147483647;
			files = (
			);
			runOnlyForDeploymentPostprocessing = 0;
		};
		1A51A17A1AD594D900709D4E /* Frameworks */ = {
			isa = PBXFrameworksBuildPhase;
			buildActionMask = 2147483647;
			files = (
			);
			runOnlyForDeploymentPostprocessing = 0;
		};
/* End PBXFrameworksBuildPhase section */

/* Begin PBXGroup section */
		1A51A15B1AD594D900709D4E = {
			isa = PBXGroup;
			children = (
				1A51A1661AD594D900709D4E /* STM */,
				1A51A1801AD594D900709D4E /* STMTests */,
				1A51A1651AD594D900709D4E /* Products */,
			);
			sourceTree = "<group>";
		};
		1A51A1651AD594D900709D4E /* Products */ = {
			isa = PBXGroup;
			children = (
				1A51A1641AD594D900709D4E /* STM.app */,
				1A51A17D1AD594D900709D4E /* STMTests.xctest */,
			);
			name = Products;
			sourceTree = "<group>";
		};
		1A51A1661AD594D900709D4E /* STM */ = {
			isa = PBXGroup;
			children = (
				1A51A16B1AD594D900709D4E /* AppDelegate.h */,
				1A51A16C1AD594D900709D4E /* AppDelegate.m */,
				1A51A16E1AD594D900709D4E /* ViewController.h */,
				1A51A16F1AD594D900709D4E /* ViewController.m */,
				1A51A1711AD594D900709D4E /* Main.storyboard */,
				1A51A1741AD594D900709D4E /* Images.xcassets */,
				1A51A1761AD594D900709D4E /* LaunchScreen.xib */,
				1A51A1671AD594D900709D4E /* Supporting Files */,
				E64FA6611AE6D93600DCE7DC /* MenuViewController.h */,
				E64FA6621AE6D93600DCE7DC /* MenuViewController.m */,
				E64FA6631AE6D93600DCE7DC /* MenuViewController.xib */,
			);
			path = STM;
			sourceTree = "<group>";
		};
		1A51A1671AD594D900709D4E /* Supporting Files */ = {
			isa = PBXGroup;
			children = (
				E64FA6661AE7159900DCE7DC /* settings_icon1.png */,
				E64FA65F1AE5D32700DCE7DC /* pig_dialogue.png */,
				E6942DDB1ADB564C00EA68B2 /* pig_dialogue1.png */,
				E6942DDC1ADB564C00EA68B2 /* pig_dialogue2.png */,
				E6942DD71ADB4C2F00EA68B2 /* pig.png */,
				1A51A1681AD594D900709D4E /* Info.plist */,
				1A51A1691AD594D900709D4E /* main.m */,
			);
			name = "Supporting Files";
			sourceTree = "<group>";
		};
		1A51A1801AD594D900709D4E /* STMTests */ = {
			isa = PBXGroup;
			children = (
				1A51A1831AD594D900709D4E /* STMTests.m */,
				1A51A1811AD594D900709D4E /* Supporting Files */,
			);
			path = STMTests;
			sourceTree = "<group>";
		};
		1A51A1811AD594D900709D4E /* Supporting Files */ = {
			isa = PBXGroup;
			children = (
				1A51A1821AD594D900709D4E /* Info.plist */,
			);
			name = "Supporting Files";
			sourceTree = "<group>";
		};
/* End PBXGroup section */

/* Begin PBXNativeTarget section */
		1A51A1631AD594D900709D4E /* STM */ = {
			isa = PBXNativeTarget;
			buildConfigurationList = 1A51A1871AD594D900709D4E /* Build configuration list for PBXNativeTarget "STM" */;
			buildPhases = (
				1A51A1601AD594D900709D4E /* Sources */,
				1A51A1611AD594D900709D4E /* Frameworks */,
				1A51A1621AD594D900709D4E /* Resources */,
			);
			buildRules = (
			);
			dependencies = (
			);
			name = STM;
			productName = STM;
			productReference = 1A51A1641AD594D900709D4E /* STM.app */;
			productType = "com.apple.product-type.application";
		};
		1A51A17C1AD594D900709D4E /* STMTests */ = {
			isa = PBXNativeTarget;
			buildConfigurationList = 1A51A18A1AD594D900709D4E /* Build configuration list for PBXNativeTarget "STMTests" */;
			buildPhases = (
				1A51A1791AD594D900709D4E /* Sources */,
				1A51A17A1AD594D900709D4E /* Frameworks */,
				1A51A17B1AD594D900709D4E /* Resources */,
			);
			buildRules = (
			);
			dependencies = (
				1A51A17F1AD594D900709D4E /* PBXTargetDependency */,
			);
			name = STMTests;
			productName = STMTests;
			productReference = 1A51A17D1AD594D900709D4E /* STMTests.xctest */;
			productType = "com.apple.product-type.bundle.unit-test";
		};
/* End PBXNativeTarget section */

/* Begin PBXProject section */
		1A51A15C1AD594D900709D4E /* Project object */ = {
			isa = PBXProject;
			attributes = {
				LastUpgradeCheck = 0620;
				ORGANIZATIONNAME = BrandonPlaster;
				TargetAttributes = {
					1A51A1631AD594D900709D4E = {
						CreatedOnToolsVersion = 6.2;
					};
					1A51A17C1AD594D900709D4E = {
						CreatedOnToolsVersion = 6.2;
						TestTargetID = 1A51A1631AD594D900709D4E;
					};
				};
			};
			buildConfigurationList = 1A51A15F1AD594D900709D4E /* Build configuration list for PBXProject "STM" */;
			compatibilityVersion = "Xcode 3.2";
			developmentRegion = English;
			hasScannedForEncodings = 0;
			knownRegions = (
				en,
				Base,
			);
			mainGroup = 1A51A15B1AD594D900709D4E;
			productRefGroup = 1A51A1651AD594D900709D4E /* Products */;
			projectDirPath = "";
			projectRoot = "";
			targets = (
				1A51A1631AD594D900709D4E /* STM */,
				1A51A17C1AD594D900709D4E /* STMTests */,
			);
		};
/* End PBXProject section */

/* Begin PBXResourcesBuildPhase section */
		1A51A1621AD594D900709D4E /* Resources */ = {
			isa = PBXResourcesBuildPhase;
			buildActionMask = 2147483647;
			files = (
				E6942DD81ADB4C2F00EA68B2 /* pig.png in Resources */,
				E6942DDE1ADB564C00EA68B2 /* pig_dialogue2.png in Resources */,
				E6942DDD1ADB564C00EA68B2 /* pig_dialogue1.png in Resources */,
				E64FA6651AE6D93600DCE7DC /* MenuViewController.xib in Resources */,
				E64FA6601AE5D32700DCE7DC /* pig_dialogue.png in Resources */,
				1A51A1731AD594D900709D4E /* Main.storyboard in Resources */,
				1A51A1781AD594D900709D4E /* LaunchScreen.xib in Resources */,
				E64FA6671AE7159900DCE7DC /* settings_icon1.png in Resources */,
				1A51A1751AD594D900709D4E /* Images.xcassets in Resources */,
			);
			runOnlyForDeploymentPostprocessing = 0;
		};
		1A51A17B1AD594D900709D4E /* Resources */ = {
			isa = PBXResourcesBuildPhase;
			buildActionMask = 2147483647;
			files = (
			);
			runOnlyForDeploymentPostprocessing = 0;
		};
/* End PBXResourcesBuildPhase section */

/* Begin PBXSourcesBuildPhase section */
		1A51A1601AD594D900709D4E /* Sources */ = {
			isa = PBXSourcesBuildPhase;
			buildActionMask = 2147483647;
			files = (
				1A51A1701AD594D900709D4E /* ViewController.m in Sources */,
				1A51A16D1AD594D900709D4E /* AppDelegate.m in Sources */,
				1A51A16A1AD594D900709D4E /* main.m in Sources */,
				E64FA6641AE6D93600DCE7DC /* MenuViewController.m in Sources */,
			);
			runOnlyForDeploymentPostprocessing = 0;
		};
		1A51A1791AD594D900709D4E /* Sources */ = {
			isa = PBXSourcesBuildPhase;
			buildActionMask = 2147483647;
			files = (
				1A51A1841AD594D900709D4E /* STMTests.m in Sources */,
			);
			runOnlyForDeploymentPostprocessing = 0;
		};
/* End PBXSourcesBuildPhase section */

/* Begin PBXTargetDependency section */
		1A51A17F1AD594D900709D4E /* PBXTargetDependency */ = {
			isa = PBXTargetDependency;
			target = 1A51A1631AD594D900709D4E /* STM */;
			targetProxy = 1A51A17E1AD594D900709D4E /* PBXContainerItemProxy */;
		};
/* End PBXTargetDependency section */

/* Begin PBXVariantGroup section */
		1A51A1711AD594D900709D4E /* Main.storyboard */ = {
			isa = PBXVariantGroup;
			children = (
				1A51A1721AD594D900709D4E /* Base */,
			);
			name = Main.storyboard;
			sourceTree = "<group>";
		};
		1A51A1761AD594D900709D4E /* LaunchScreen.xib */ = {
			isa = PBXVariantGroup;
			children = (
				1A51A1771AD594D900709D4E /* Base */,
			);
			name = LaunchScreen.xib;
			sourceTree = "<group>";
		};
/* End PBXVariantGroup section */

/* Begin XCBuildConfiguration section */
		1A51A1851AD594D900709D4E /* Debug */ = {
			isa = XCBuildConfiguration;
			buildSettings = {
				ALWAYS_SEARCH_USER_PATHS = NO;
				CLANG_CXX_LANGUAGE_STANDARD = "gnu++0x";
				CLANG_CXX_LIBRARY = "libc++";
				CLANG_ENABLE_MODULES = YES;
				CLANG_ENABLE_OBJC_ARC = YES;
				CLANG_WARN_BOOL_CONVERSION = YES;
				CLANG_WARN_CONSTANT_CONVERSION = YES;
				CLANG_WARN_DIRECT_OBJC_ISA_USAGE = YES_ERROR;
				CLANG_WARN_EMPTY_BODY = YES;
				CLANG_WARN_ENUM_CONVERSION = YES;
				CLANG_WARN_INT_CONVERSION = YES;
				CLANG_WARN_OBJC_ROOT_CLASS = YES_ERROR;
				CLANG_WARN_UNREACHABLE_CODE = YES;
				CLANG_WARN__DUPLICATE_METHOD_MATCH = YES;
				"CODE_SIGN_IDENTITY[sdk=iphoneos*]" = "iPhone Developer";
				COPY_PHASE_STRIP = NO;
				ENABLE_STRICT_OBJC_MSGSEND = YES;
				GCC_C_LANGUAGE_STANDARD = gnu99;
				GCC_DYNAMIC_NO_PIC = NO;
				GCC_OPTIMIZATION_LEVEL = 0;
				GCC_PREPROCESSOR_DEFINITIONS = (
					"DEBUG=1",
					"$(inherited)",
				);
				GCC_SYMBOLS_PRIVATE_EXTERN = NO;
				GCC_WARN_64_TO_32_BIT_CONVERSION = YES;
				GCC_WARN_ABOUT_RETURN_TYPE = YES_ERROR;
				GCC_WARN_UNDECLARED_SELECTOR = YES;
				GCC_WARN_UNINITIALIZED_AUTOS = YES_AGGRESSIVE;
				GCC_WARN_UNUSED_FUNCTION = YES;
				GCC_WARN_UNUSED_VARIABLE = YES;
				IPHONEOS_DEPLOYMENT_TARGET = 8.2;
				MTL_ENABLE_DEBUG_INFO = YES;
				ONLY_ACTIVE_ARCH = YES;
				SDKROOT = iphoneos;
				TARGETED_DEVICE_FAMILY = 2;
			};
			name = Debug;
		};
		1A51A1861AD594D900709D4E /* Release */ = {
			isa = XCBuildConfiguration;
			buildSettings = {
				ALWAYS_SEARCH_USER_PATHS = NO;
				CLANG_CXX_LANGUAGE_STANDARD = "gnu++0x";
				CLANG_CXX_LIBRARY = "libc++";
				CLANG_ENABLE_MODULES = YES;
				CLANG_ENABLE_OBJC_ARC = YES;
				CLANG_WARN_BOOL_CONVERSION = YES;
				CLANG_WARN_CONSTANT_CONVERSION = YES;
				CLANG_WARN_DIRECT_OBJC_ISA_USAGE = YES_ERROR;
				CLANG_WARN_EMPTY_BODY = YES;
				CLANG_WARN_ENUM_CONVERSION = YES;
				CLANG_WARN_INT_CONVERSION = YES;
				CLANG_WARN_OBJC_ROOT_CLASS = YES_ERROR;
				CLANG_WARN_UNREACHABLE_CODE = YES;
				CLANG_WARN__DUPLICATE_METHOD_MATCH = YES;
				"CODE_SIGN_IDENTITY[sdk=iphoneos*]" = "iPhone Developer";
				COPY_PHASE_STRIP = NO;
				ENABLE_NS_ASSERTIONS = NO;
				ENABLE_STRICT_OBJC_MSGSEND = YES;
				GCC_C_LANGUAGE_STANDARD = gnu99;
				GCC_WARN_64_TO_32_BIT_CONVERSION = YES;
				GCC_WARN_ABOUT_RETURN_TYPE = YES_ERROR;
				GCC_WARN_UNDECLARED_SELECTOR = YES;
				GCC_WARN_UNINITIALIZED_AUTOS = YES_AGGRESSIVE;
				GCC_WARN_UNUSED_FUNCTION = YES;
				GCC_WARN_UNUSED_VARIABLE = YES;
				IPHONEOS_DEPLOYMENT_TARGET = 8.2;
				MTL_ENABLE_DEBUG_INFO = NO;
				SDKROOT = iphoneos;
				TARGETED_DEVICE_FAMILY = 2;
				VALIDATE_PRODUCT = YES;
			};
			name = Release;
		};
		1A51A1881AD594D900709D4E /* Debug */ = {
			isa = XCBuildConfiguration;
			buildSettings = {
				ASSETCATALOG_COMPILER_APPICON_NAME = AppIcon;
				INFOPLIST_FILE = STM/Info.plist;
				LD_RUNPATH_SEARCH_PATHS = "$(inherited) @executable_path/Frameworks";
				PRODUCT_NAME = "$(TARGET_NAME)";
			};
			name = Debug;
		};
		1A51A1891AD594D900709D4E /* Release */ = {
			isa = XCBuildConfiguration;
			buildSettings = {
				ASSETCATALOG_COMPILER_APPICON_NAME = AppIcon;
				INFOPLIST_FILE = STM/Info.plist;
				LD_RUNPATH_SEARCH_PATHS = "$(inherited) @executable_path/Frameworks";
				PRODUCT_NAME = "$(TARGET_NAME)";
			};
			name = Release;
		};
		1A51A18B1AD594D900709D4E /* Debug */ = {
			isa = XCBuildConfiguration;
			buildSettings = {
				BUNDLE_LOADER = "$(TEST_HOST)";
				FRAMEWORK_SEARCH_PATHS = (
					"$(SDKROOT)/Developer/Library/Frameworks",
					"$(inherited)",
				);
				GCC_PREPROCESSOR_DEFINITIONS = (
					"DEBUG=1",
					"$(inherited)",
				);
				INFOPLIST_FILE = STMTests/Info.plist;
				LD_RUNPATH_SEARCH_PATHS = "$(inherited) @executable_path/Frameworks @loader_path/Frameworks";
				PRODUCT_NAME = "$(TARGET_NAME)";
				TEST_HOST = "$(BUILT_PRODUCTS_DIR)/STM.app/STM";
			};
			name = Debug;
		};
		1A51A18C1AD594D900709D4E /* Release */ = {
			isa = XCBuildConfiguration;
			buildSettings = {
				BUNDLE_LOADER = "$(TEST_HOST)";
				FRAMEWORK_SEARCH_PATHS = (
					"$(SDKROOT)/Developer/Library/Frameworks",
					"$(inherited)",
				);
				INFOPLIST_FILE = STMTests/Info.plist;
				LD_RUNPATH_SEARCH_PATHS = "$(inherited) @executable_path/Frameworks @loader_path/Frameworks";
				PRODUCT_NAME = "$(TARGET_NAME)";
				TEST_HOST = "$(BUILT_PRODUCTS_DIR)/STM.app/STM";
			};
			name = Release;
		};
/* End XCBuildConfiguration section */

/* Begin XCConfigurationList section */
		1A51A15F1AD594D900709D4E /* Build configuration list for PBXProject "STM" */ = {
			isa = XCConfigurationList;
			buildConfigurations = (
				1A51A1851AD594D900709D4E /* Debug */,
				1A51A1861AD594D900709D4E /* Release */,
			);
			defaultConfigurationIsVisible = 0;
			defaultConfigurationName = Release;
		};
		1A51A1871AD594D900709D4E /* Build configuration list for PBXNativeTarget "STM" */ = {
			isa = XCConfigurationList;
			buildConfigurations = (
				1A51A1881AD594D900709D4E /* Debug */,
				1A51A1891AD594D900709D4E /* Release */,
			);
			defaultConfigurationIsVisible = 0;
			defaultConfigurationName = Release;
		};
		1A51A18A1AD594D900709D4E /* Build configuration list for PBXNativeTarget "STMTests" */ = {
			isa = XCConfigurationList;
			buildConfigurations = (
				1A51A18B1AD594D900709D4E /* Debug */,
				1A51A18C1AD594D900709D4E /* Release */,
			);
			defaultConfigurationIsVisible = 0;
			defaultConfigurationName = Release;
		};
/* End XCConfigurationList section */
	};
	rootObject = 1A51A15C1AD594D900709D4E /* Project object */;
}
